// !$*UTF8*$!
{
	archiveVersion = 1;
	classes = {
	};
	objectVersion = 56;
	objects = {

/* Begin PBXBuildFile section */
		612D203D29883B3400E4417B /* Dex4App.swift in Sources */ = {isa = PBXBuildFile; fileRef = 612D203C29883B3400E4417B /* Dex4App.swift */; };
		612D203F29883B3400E4417B /* ContentView.swift in Sources */ = {isa = PBXBuildFile; fileRef = 612D203E29883B3400E4417B /* ContentView.swift */; };
		612D204129883B3500E4417B /* Assets.xcassets in Resources */ = {isa = PBXBuildFile; fileRef = 612D204029883B3500E4417B /* Assets.xcassets */; };
		612D204429883B3500E4417B /* Preview Assets.xcassets in Resources */ = {isa = PBXBuildFile; fileRef = 612D204329883B3500E4417B /* Preview Assets.xcassets */; };
		612D204629883B3500E4417B /* Persistence.swift in Sources */ = {isa = PBXBuildFile; fileRef = 612D204529883B3500E4417B /* Persistence.swift */; };
		612D204929883B3500E4417B /* Dex4.xcdatamodeld in Sources */ = {isa = PBXBuildFile; fileRef = 612D204729883B3500E4417B /* Dex4.xcdatamodeld */; };
		614F3C5929886B6E0050DDD1 /* TempPokemon.swift in Sources */ = {isa = PBXBuildFile; fileRef = 614F3C5829886B6E0050DDD1 /* TempPokemon.swift */; };
		614F3C5B2988A8CE0050DDD1 /* FetchController.swift in Sources */ = {isa = PBXBuildFile; fileRef = 614F3C5A2988A8CE0050DDD1 /* FetchController.swift */; };
/* End PBXBuildFile section */

/* Begin PBXFileReference section */
		612D203929883B3400E4417B /* Dex4.app */ = {isa = PBXFileReference; explicitFileType = wrapper.application; includeInIndex = 0; path = Dex4.app; sourceTree = BUILT_PRODUCTS_DIR; };
		612D203C29883B3400E4417B /* Dex4App.swift */ = {isa = PBXFileReference; lastKnownFileType = sourcecode.swift; path = Dex4App.swift; sourceTree = "<group>"; };
		612D203E29883B3400E4417B /* ContentView.swift */ = {isa = PBXFileReference; lastKnownFileType = sourcecode.swift; path = ContentView.swift; sourceTree = "<group>"; };
		612D204029883B3500E4417B /* Assets.xcassets */ = {isa = PBXFileReference; lastKnownFileType = folder.assetcatalog; path = Assets.xcassets; sourceTree = "<group>"; };
		612D204329883B3500E4417B /* Preview Assets.xcassets */ = {isa = PBXFileReference; lastKnownFileType = folder.assetcatalog; path = "Preview Assets.xcassets"; sourceTree = "<group>"; };
		612D204529883B3500E4417B /* Persistence.swift */ = {isa = PBXFileReference; lastKnownFileType = sourcecode.swift; path = Persistence.swift; sourceTree = "<group>"; };
		612D204829883B3500E4417B /* Dex4.xcdatamodel */ = {isa = PBXFileReference; lastKnownFileType = wrapper.xcdatamodel; path = Dex4.xcdatamodel; sourceTree = "<group>"; };
		614F3C5829886B6E0050DDD1 /* TempPokemon.swift */ = {isa = PBXFileReference; lastKnownFileType = sourcecode.swift; path = TempPokemon.swift; sourceTree = "<group>"; };
		614F3C5A2988A8CE0050DDD1 /* FetchController.swift */ = {isa = PBXFileReference; lastKnownFileType = sourcecode.swift; path = FetchController.swift; sourceTree = "<group>"; };
/* End PBXFileReference section */

/* Begin PBXFrameworksBuildPhase section */
		612D203629883B3400E4417B /* Frameworks */ = {
			isa = PBXFrameworksBuildPhase;
			buildActionMask = 2147483647;
			files = (
			);
			runOnlyForDeploymentPostprocessing = 0;
		};
/* End PBXFrameworksBuildPhase section */

/* Begin PBXGroup section */
		612D203029883B3400E4417B = {
			isa = PBXGroup;
			children = (
				612D203B29883B3400E4417B /* Dex4 */,
				612D203A29883B3400E4417B /* Products */,
			);
			sourceTree = "<group>";
		};
		612D203A29883B3400E4417B /* Products */ = {
			isa = PBXGroup;
			children = (
				612D203929883B3400E4417B /* Dex4.app */,
			);
			name = Products;
			sourceTree = "<group>";
		};
		612D203B29883B3400E4417B /* Dex4 */ = {
			isa = PBXGroup;
			children = (
				612D203C29883B3400E4417B /* Dex4App.swift */,
				612D203E29883B3400E4417B /* ContentView.swift */,
				614F3C5829886B6E0050DDD1 /* TempPokemon.swift */,
				614F3C5A2988A8CE0050DDD1 /* FetchController.swift */,
				612D204529883B3500E4417B /* Persistence.swift */,
				612D204729883B3500E4417B /* Dex4.xcdatamodeld */,
				612D204029883B3500E4417B /* Assets.xcassets */,
				612D204229883B3500E4417B /* Preview Content */,
			);
			path = Dex4;
			sourceTree = "<group>";
		};
		612D204229883B3500E4417B /* Preview Content */ = {
			isa = PBXGroup;
			children = (
				612D204329883B3500E4417B /* Preview Assets.xcassets */,
			);
			path = "Preview Content";
			sourceTree = "<group>";
		};
/* End PBXGroup section */

/* Begin PBXNativeTarget section */
		612D203829883B3400E4417B /* Dex4 */ = {
			isa = PBXNativeTarget;
			buildConfigurationList = 612D204C29883B3500E4417B /* Build configuration list for PBXNativeTarget "Dex4" */;
			buildPhases = (
				612D203529883B3400E4417B /* Sources */,
				612D203629883B3400E4417B /* Frameworks */,
				612D203729883B3400E4417B /* Resources */,
			);
			buildRules = (
			);
			dependencies = (
			);
			name = Dex4;
			productName = Dex4;
			productReference = 612D203929883B3400E4417B /* Dex4.app */;
			productType = "com.apple.product-type.application";
		};
/* End PBXNativeTarget section */

/* Begin PBXProject section */
		612D203129883B3400E4417B /* Project object */ = {
			isa = PBXProject;
			attributes = {
				BuildIndependentTargetsInParallel = 1;
				LastSwiftUpdateCheck = 1420;
				LastUpgradeCheck = 1420;
				TargetAttributes = {
					612D203829883B3400E4417B = {
						CreatedOnToolsVersion = 14.2;
					};
				};
			};
			buildConfigurationList = 612D203429883B3400E4417B /* Build configuration list for PBXProject "Dex4" */;
			compatibilityVersion = "Xcode 14.0";
			developmentRegion = en;
			hasScannedForEncodings = 0;
			knownRegions = (
				en,
				Base,
			);
			mainGroup = 612D203029883B3400E4417B;
			productRefGroup = 612D203A29883B3400E4417B /* Products */;
			projectDirPath = "";
			projectRoot = "";
			targets = (
				612D203829883B3400E4417B /* Dex4 */,
			);
		};
/* End PBXProject section */

/* Begin PBXResourcesBuildPhase section */
		612D203729883B3400E4417B /* Resources */ = {
			isa = PBXResourcesBuildPhase;
			buildActionMask = 2147483647;
			files = (
				612D204429883B3500E4417B /* Preview Assets.xcassets in Resources */,
				612D204129883B3500E4417B /* Assets.xcassets in Resources */,
			);
			runOnlyForDeploymentPostprocessing = 0;
		};
/* End PBXResourcesBuildPhase section */

/* Begin PBXSourcesBuildPhase section */
		612D203529883B3400E4417B /* Sources */ = {
			isa = PBXSourcesBuildPhase;
			buildActionMask = 2147483647;
			files = (
				612D204629883B3500E4417B /* Persistence.swift in Sources */,
				612D203F29883B3400E4417B /* ContentView.swift in Sources */,
				614F3C5B2988A8CE0050DDD1 /* FetchController.swift in Sources */,
				614F3C5929886B6E0050DDD1 /* TempPokemon.swift in Sources */,
				612D204929883B3500E4417B /* Dex4.xcdatamodeld in Sources */,
				612D203D29883B3400E4417B /* Dex4App.swift in Sources */,
			);
			runOnlyForDeploymentPostprocessing = 0;
		};
/* End PBXSourcesBuildPhase section */

/* Begin XCBuildConfiguration section */
		612D204A29883B3500E4417B /* Debug */ = {
			isa = XCBuildConfiguration;
			buildSettings = {
				ALWAYS_SEARCH_USER_PATHS = NO;
				CLANG_ANALYZER_NONNULL = YES;
				CLANG_ANALYZER_NUMBER_OBJECT_CONVERSION = YES_AGGRESSIVE;
				CLANG_CXX_LANGUAGE_STANDARD = "gnu++20";
				CLANG_ENABLE_MODULES = YES;
				CLANG_ENABLE_OBJC_ARC = YES;
				CLANG_ENABLE_OBJC_WEAK = YES;
				CLANG_WARN_BLOCK_CAPTURE_AUTORELEASING = YES;
				CLANG_WARN_BOOL_CONVERSION = YES;
				CLANG_WARN_COMMA = YES;
				CLANG_WARN_CONSTANT_CONVERSION = YES;
				CLANG_WARN_DEPRECATED_OBJC_IMPLEMENTATIONS = YES;
				CLANG_WARN_DIRECT_OBJC_ISA_USAGE = YES_ERROR;
				CLANG_WARN_DOCUMENTATION_COMMENTS = YES;
				CLANG_WARN_EMPTY_BODY = YES;
				CLANG_WARN_ENUM_CONVERSION = YES;
				CLANG_WARN_INFINITE_RECURSION = YES;
				CLANG_WARN_INT_CONVERSION = YES;
				CLANG_WARN_NON_LITERAL_NULL_CONVERSION = YES;
				CLANG_WARN_OBJC_IMPLICIT_RETAIN_SELF = YES;
				CLANG_WARN_OBJC_LITERAL_CONVERSION = YES;
				CLANG_WARN_OBJC_ROOT_CLASS = YES_ERROR;
				CLANG_WARN_QUOTED_INCLUDE_IN_FRAMEWORK_HEADER = YES;
				CLANG_WARN_RANGE_LOOP_ANALYSIS = YES;
				CLANG_WARN_STRICT_PROTOTYPES = YES;
				CLANG_WARN_SUSPICIOUS_MOVE = YES;
				CLANG_WARN_UNGUARDED_AVAILABILITY = YES_AGGRESSIVE;
				CLANG_WARN_UNREACHABLE_CODE = YES;
				CLANG_WARN__DUPLICATE_METHOD_MATCH = YES;
				COPY_PHASE_STRIP = NO;
				DEBUG_INFORMATION_FORMAT = dwarf;
				ENABLE_STRICT_OBJC_MSGSEND = YES;
				ENABLE_TESTABILITY = YES;
				GCC_C_LANGUAGE_STANDARD = gnu11;
				GCC_DYNAMIC_NO_PIC = NO;
				GCC_NO_COMMON_BLOCKS = YES;
				GCC_OPTIMIZATION_LEVEL = 0;
				GCC_PREPROCESSOR_DEFINITIONS = (
					"DEBUG=1",
					"$(inherited)",
				);
				GCC_WARN_64_TO_32_BIT_CONVERSION = YES;
				GCC_WARN_ABOUT_RETURN_TYPE = YES_ERROR;
				GCC_WARN_UNDECLARED_SELECTOR = YES;
				GCC_WARN_UNINITIALIZED_AUTOS = YES_AGGRESSIVE;
				GCC_WARN_UNUSED_FUNCTION = YES;
				GCC_WARN_UNUSED_VARIABLE = YES;
				IPHONEOS_DEPLOYMENT_TARGET = 16.2;
				MTL_ENABLE_DEBUG_INFO = INCLUDE_SOURCE;
				MTL_FAST_MATH = YES;
				ONLY_ACTIVE_ARCH = YES;
				SDKROOT = iphoneos;
				SWIFT_ACTIVE_COMPILATION_CONDITIONS = DEBUG;
				SWIFT_OPTIMIZATION_LEVEL = "-Onone";
			};
			name = Debug;
		};
		612D204B29883B3500E4417B /* Release */ = {
			isa = XCBuildConfiguration;
			buildSettings = {
				ALWAYS_SEARCH_USER_PATHS = NO;
				CLANG_ANALYZER_NONNULL = YES;
				CLANG_ANALYZER_NUMBER_OBJECT_CONVERSION = YES_AGGRESSIVE;
				CLANG_CXX_LANGUAGE_STANDARD = "gnu++20";
				CLANG_ENABLE_MODULES = YES;
				CLANG_ENABLE_OBJC_ARC = YES;
				CLANG_ENABLE_OBJC_WEAK = YES;
				CLANG_WARN_BLOCK_CAPTURE_AUTORELEASING = YES;
				CLANG_WARN_BOOL_CONVERSION = YES;
				CLANG_WARN_COMMA = YES;
				CLANG_WARN_CONSTANT_CONVERSION = YES;
				CLANG_WARN_DEPRECATED_OBJC_IMPLEMENTATIONS = YES;
				CLANG_WARN_DIRECT_OBJC_ISA_USAGE = YES_ERROR;
				CLANG_WARN_DOCUMENTATION_COMMENTS = YES;
				CLANG_WARN_EMPTY_BODY = YES;
				CLANG_WARN_ENUM_CONVERSION = YES;
				CLANG_WARN_INFINITE_RECURSION = YES;
				CLANG_WARN_INT_CONVERSION = YES;
				CLANG_WARN_NON_LITERAL_NULL_CONVERSION = YES;
				CLANG_WARN_OBJC_IMPLICIT_RETAIN_SELF = YES;
				CLANG_WARN_OBJC_LITERAL_CONVERSION = YES;
				CLANG_WARN_OBJC_ROOT_CLASS = YES_ERROR;
				CLANG_WARN_QUOTED_INCLUDE_IN_FRAMEWORK_HEADER = YES;
				CLANG_WARN_RANGE_LOOP_ANALYSIS = YES;
				CLANG_WARN_STRICT_PROTOTYPES = YES;
				CLANG_WARN_SUSPICIOUS_MOVE = YES;
				CLANG_WARN_UNGUARDED_AVAILABILITY = YES_AGGRESSIVE;
				CLANG_WARN_UNREACHABLE_CODE = YES;
				CLANG_WARN__DUPLICATE_METHOD_MATCH = YES;
				COPY_PHASE_STRIP = NO;
				DEBUG_INFORMATION_FORMAT = "dwarf-with-dsym";
				ENABLE_NS_ASSERTIONS = NO;
				ENABLE_STRICT_OBJC_MSGSEND = YES;
				GCC_C_LANGUAGE_STANDARD = gnu11;
				GCC_NO_COMMON_BLOCKS = YES;
				GCC_WARN_64_TO_32_BIT_CONVERSION = YES;
				GCC_WARN_ABOUT_RETURN_TYPE = YES_ERROR;
				GCC_WARN_UNDECLARED_SELECTOR = YES;
				GCC_WARN_UNINITIALIZED_AUTOS = YES_AGGRESSIVE;
				GCC_WARN_UNUSED_FUNCTION = YES;
				GCC_WARN_UNUSED_VARIABLE = YES;
				IPHONEOS_DEPLOYMENT_TARGET = 16.2;
				MTL_ENABLE_DEBUG_INFO = NO;
				MTL_FAST_MATH = YES;
				SDKROOT = iphoneos;
				SWIFT_COMPILATION_MODE = wholemodule;
				SWIFT_OPTIMIZATION_LEVEL = "-O";
				VALIDATE_PRODUCT = YES;
			};
			name = Release;
		};
		612D204D29883B3500E4417B /* Debug */ = {
			isa = XCBuildConfiguration;
			buildSettings = {
				ASSETCATALOG_COMPILER_APPICON_NAME = AppIcon;
				ASSETCATALOG_COMPILER_GLOBAL_ACCENT_COLOR_NAME = AccentColor;
				CODE_SIGN_STYLE = Automatic;
				CURRENT_PROJECT_VERSION = 1;
				DEVELOPMENT_ASSET_PATHS = "\"Dex4/Preview Content\"";
				DEVELOPMENT_TEAM = 5Z7LY99W88;
				ENABLE_PREVIEWS = YES;
				GENERATE_INFOPLIST_FILE = YES;
				INFOPLIST_KEY_UIApplicationSceneManifest_Generation = YES;
				INFOPLIST_KEY_UIApplicationSupportsIndirectInputEvents = YES;
				INFOPLIST_KEY_UILaunchScreen_Generation = YES;
				INFOPLIST_KEY_UISupportedInterfaceOrientations_iPad = "UIInterfaceOrientationPortrait UIInterfaceOrientationPortraitUpsideDown UIInterfaceOrientationLandscapeLeft UIInterfaceOrientationLandscapeRight";
				INFOPLIST_KEY_UISupportedInterfaceOrientations_iPhone = "UIInterfaceOrientationPortrait UIInterfaceOrientationLandscapeLeft UIInterfaceOrientationLandscapeRight";
				LD_RUNPATH_SEARCH_PATHS = (
					"$(inherited)",
					"@executable_path/Frameworks",
				);
				MARKETING_VERSION = 1.0;
				PRODUCT_BUNDLE_IDENTIFIER = com.kayjayapps.Dex4;
				PRODUCT_NAME = "$(TARGET_NAME)";
				SWIFT_EMIT_LOC_STRINGS = YES;
				SWIFT_VERSION = 5.0;
				TARGETED_DEVICE_FAMILY = "1,2";
			};
			name = Debug;
		};
		612D204E29883B3500E4417B /* Release */ = {
			isa = XCBuildConfiguration;
			buildSettings = {
				ASSETCATALOG_COMPILER_APPICON_NAME = AppIcon;
				ASSETCATALOG_COMPILER_GLOBAL_ACCENT_COLOR_NAME = AccentColor;
				CODE_SIGN_STYLE = Automatic;
				CURRENT_PROJECT_VERSION = 1;
				DEVELOPMENT_ASSET_PATHS = "\"Dex4/Preview Content\"";
				DEVELOPMENT_TEAM = 5Z7LY99W88;
				ENABLE_PREVIEWS = YES;
				GENERATE_INFOPLIST_FILE = YES;
				INFOPLIST_KEY_UIApplicationSceneManifest_Generation = YES;
				INFOPLIST_KEY_UIApplicationSupportsIndirectInputEvents = YES;
				INFOPLIST_KEY_UILaunchScreen_Generation = YES;
				INFOPLIST_KEY_UISupportedInterfaceOrientations_iPad = "UIInterfaceOrientationPortrait UIInterfaceOrientationPortraitUpsideDown UIInterfaceOrientationLandscapeLeft UIInterfaceOrientationLandscapeRight";
				INFOPLIST_KEY_UISupportedInterfaceOrientations_iPhone = "UIInterfaceOrientationPortrait UIInterfaceOrientationLandscapeLeft UIInterfaceOrientationLandscapeRight";
				LD_RUNPATH_SEARCH_PATHS = (
					"$(inherited)",
					"@executable_path/Frameworks",
				);
				MARKETING_VERSION = 1.0;
				PRODUCT_BUNDLE_IDENTIFIER = com.kayjayapps.Dex4;
				PRODUCT_NAME = "$(TARGET_NAME)";
				SWIFT_EMIT_LOC_STRINGS = YES;
				SWIFT_VERSION = 5.0;
				TARGETED_DEVICE_FAMILY = "1,2";
			};
			name = Release;
		};
/* End XCBuildConfiguration section */

/* Begin XCConfigurationList section */
		612D203429883B3400E4417B /* Build configuration list for PBXProject "Dex4" */ = {
			isa = XCConfigurationList;
			buildConfigurations = (
				612D204A29883B3500E4417B /* Debug */,
				612D204B29883B3500E4417B /* Release */,
			);
			defaultConfigurationIsVisible = 0;
			defaultConfigurationName = Release;
		};
		612D204C29883B3500E4417B /* Build configuration list for PBXNativeTarget "Dex4" */ = {
			isa = XCConfigurationList;
			buildConfigurations = (
				612D204D29883B3500E4417B /* Debug */,
				612D204E29883B3500E4417B /* Release */,
			);
			defaultConfigurationIsVisible = 0;
			defaultConfigurationName = Release;
		};
/* End XCConfigurationList section */

/* Begin XCVersionGroup section */
		612D204729883B3500E4417B /* Dex4.xcdatamodeld */ = {
			isa = XCVersionGroup;
			children = (
				612D204829883B3500E4417B /* Dex4.xcdatamodel */,
			);
			currentVersion = 612D204829883B3500E4417B /* Dex4.xcdatamodel */;
			path = Dex4.xcdatamodeld;
			sourceTree = "<group>";
			versionGroupType = wrapper.xcdatamodel;
		};
/* End XCVersionGroup section */
	};
	rootObject = 612D203129883B3400E4417B /* Project object */;
}
